
Microsoft Visual Studio Solution File, Format Version 12.00
Project("{FAE04EC0-301F-11D3-BF4B-00C04F79EFBC}") = "UAssetEditor", "UAssetEditor\UAssetEditor.csproj", "{D3F02FF3-6A5A-4059-B48C-505A64BF284C}"
EndProject
Project("{FAE04EC0-301F-11D3-BF4B-00C04F79EFBC}") = "UAssetEditor.Testing", "UAssetEditor.Testing\UAssetEditor.Testing.csproj", "{69BFAC6D-9F9A-4577-8225-BB75B92CA8A8}"
EndProject
Project("{FAE04EC0-301F-11D3-BF4B-00C04F79EFBC}") = "Usmap.NET", "Usmap.NET\Usmap.NET.csproj", "{1E7ACEE3-CFC6-4FE6-BE28-592F7FD789C3}"
EndProject
Project("{FAE04EC0-301F-11D3-BF4B-00C04F79EFBC}") = "StringEditor", "StringEditor\StringEditor.csproj", "{E53EB23D-7A34-401A-9AC0-4FB6B6C2395B}"
EndProject
Global
	GlobalSection(SolutionConfigurationPlatforms) = preSolution
		Debug|Any CPU = Debug|Any CPU
		Release|Any CPU = Release|Any CPU
	EndGlobalSection
	GlobalSection(ProjectConfigurationPlatforms) = postSolution
		{D3F02FF3-6A5A-4059-B48C-505A64BF284C}.Debug|Any CPU.ActiveCfg = Debug|Any CPU
		{D3F02FF3-6A5A-4059-B48C-505A64BF284C}.Debug|Any CPU.Build.0 = Debug|Any CPU
		{D3F02FF3-6A5A-4059-B48C-505A64BF284C}.Release|Any CPU.ActiveCfg = Release|Any CPU
		{D3F02FF3-6A5A-4059-B48C-505A64BF284C}.Release|Any CPU.Build.0 = Release|Any CPU
		{69BFAC6D-9F9A-4577-8225-BB75B92CA8A8}.Debug|Any CPU.ActiveCfg = Debug|Any CPU
		{69BFAC6D-9F9A-4577-8225-BB75B92CA8A8}.Debug|Any CPU.Build.0 = Debug|Any CPU
		{69BFAC6D-9F9A-4577-8225-BB75B92CA8A8}.Release|Any CPU.ActiveCfg = Release|Any CPU
		{69BFAC6D-9F9A-4577-8225-BB75B92CA8A8}.Release|Any CPU.Build.0 = Release|Any CPU
		{1E7ACEE3-CFC6-4FE6-BE28-592F7FD789C3}.Debug|Any CPU.ActiveCfg = Debug|Any CPU
		{1E7ACEE3-CFC6-4FE6-BE28-592F7FD789C3}.Debug|Any CPU.Build.0 = Debug|Any CPU
		{1E7ACEE3-CFC6-4FE6-BE28-592F7FD789C3}.Release|Any CPU.ActiveCfg = Release|Any CPU
		{1E7ACEE3-CFC6-4FE6-BE28-592F7FD789C3}.Release|Any CPU.Build.0 = Release|Any CPU
		{E53EB23D-7A34-401A-9AC0-4FB6B6C2395B}.Debug|Any CPU.ActiveCfg = Debug|Any CPU
		{E53EB23D-7A34-401A-9AC0-4FB6B6C2395B}.Debug|Any CPU.Build.0 = Debug|Any CPU
		{E53EB23D-7A34-401A-9AC0-4FB6B6C2395B}.Release|Any CPU.ActiveCfg = Release|Any CPU
		{E53EB23D-7A34-401A-9AC0-4FB6B6C2395B}.Release|Any CPU.Build.0 = Release|Any CPU
	EndGlobalSection
EndGlobal
